
Microsoft Visual Studio Solution File, Format Version 12.00
# Visual Studio 15
VisualStudioVersion = 15.0.28307.539
MinimumVisualStudioVersion = 10.0.40219.1
Project("{FAE04EC0-301F-11D3-BF4B-00C04F79EFBC}") = "Slot7", "Slot7\Slot7.csproj", "{D1168BFD-713C-4E3B-BF4F-DE87CAD1C9C9}"
EndProject
Global
	GlobalSection(SolutionConfigurationPlatforms) = preSolution
		Debug|Any CPU = Debug|Any CPU
		Release|Any CPU = Release|Any CPU
	EndGlobalSection
	GlobalSection(ProjectConfigurationPlatforms) = postSolution
		{D1168BFD-713C-4E3B-BF4F-DE87CAD1C9C9}.Debug|Any CPU.ActiveCfg = Debug|Any CPU
		{D1168BFD-713C-4E3B-BF4F-DE87CAD1C9C9}.Debug|Any CPU.Build.0 = Debug|Any CPU
		{D1168BFD-713C-4E3B-BF4F-DE87CAD1C9C9}.Release|Any CPU.ActiveCfg = Release|Any CPU
		{D1168BFD-713C-4E3B-BF4F-DE87CAD1C9C9}.Release|Any CPU.Build.0 = Release|Any CPU
	EndGlobalSection
	GlobalSection(SolutionProperties) = preSolution
		HideSolutionNode = FALSE
	EndGlobalSection
	GlobalSection(ExtensibilityGlobals) = postSolution
		SolutionGuid = {0F6028C6-58DE-4421-8D50-B5250A88777F}
	EndGlobalSection
EndGlobal
